
Microsoft Visual Studio Solution File, Format Version 12.00
# Visual Studio Version 17
VisualStudioVersion = 17.2.32616.157
MinimumVisualStudioVersion = 10.0.40219.1
Project("{FAE04EC0-301F-11D3-BF4B-00C04F79EFBC}") = "WebApi", "WebApi\WebApi.csproj", "{7D06FA6E-9AE2-4757-B969-9C6DA6B73CA4}"
EndProject
Global
	GlobalSection(SolutionConfigurationPlatforms) = preSolution
		Debug|Any CPU = Debug|Any CPU
		Release|Any CPU = Release|Any CPU
	EndGlobalSection
	GlobalSection(ProjectConfigurationPlatforms) = postSolution
		{7D06FA6E-9AE2-4757-B969-9C6DA6B73CA4}.Debug|Any CPU.ActiveCfg = Debug|Any CPU
		{7D06FA6E-9AE2-4757-B969-9C6DA6B73CA4}.Debug|Any CPU.Build.0 = Debug|Any CPU
		{7D06FA6E-9AE2-4757-B969-9C6DA6B73CA4}.Release|Any CPU.ActiveCfg = Release|Any CPU
		{7D06FA6E-9AE2-4757-B969-9C6DA6B73CA4}.Release|Any CPU.Build.0 = Release|Any CPU
	EndGlobalSection
	GlobalSection(SolutionProperties) = preSolution
		HideSolutionNode = FALSE
	EndGlobalSection
	GlobalSection(ExtensibilityGlobals) = postSolution
		SolutionGuid = {2D9D71EC-A6EC-483A-A09E-3F989BA83173}
	EndGlobalSection
EndGlobal
